
Microsoft Visual Studio Solution File, Format Version 12.00
# Visual Studio Version 16
VisualStudioVersion = 16.0.31205.134
MinimumVisualStudioVersion = 10.0.40219.1
Project("{2150E333-8FDC-42A3-9474-1A3956D46DE8}") = "Services", "Services", "{427F958B-5E05-4D43-BAF6-5A455DCAA73F}"
EndProject
Project("{2150E333-8FDC-42A3-9474-1A3956D46DE8}") = "Gateways", "Gateways", "{CED7492B-2A6F-4070-A2B2-FB684BA2726E}"
EndProject
Project("{2150E333-8FDC-42A3-9474-1A3956D46DE8}") = "Catalog", "Catalog", "{2BDF0A99-F35D-4D2D-9C14-6BF8E19ED7F0}"
EndProject
Project("{9A19103F-16F7-4668-BE54-9A1E7A4F7556}") = "Services.Catalog.API", "Services\Catalog\API\Services.Catalog.API.csproj", "{CB605430-F052-48BB-B3E6-AB1DFD19069B}"
EndProject
Project("{9A19103F-16F7-4668-BE54-9A1E7A4F7556}") = "Services.Catalog.Application", "Services\Catalog\Application\Services.Catalog.Application.csproj", "{E608B7FD-F4B1-43E0-8C8A-873E56B0CF90}"
EndProject
Project("{9A19103F-16F7-4668-BE54-9A1E7A4F7556}") = "Services.Catalog.Infrastructure", "Services\Catalog\Services.Catalog.Infrastructure\Services.Catalog.Infrastructure.csproj", "{17061CD5-2C8C-4410-BD1F-BF93784AAC0D}"
EndProject
Project("{9A19103F-16F7-4668-BE54-9A1E7A4F7556}") = "Services.Catalog.Core", "Services\Catalog\Services.Catalog.Core\Services.Catalog.Core.csproj", "{B99BDDD7-7EE2-4AFB-8F98-8643352AA1B0}"
EndProject
Project("{2150E333-8FDC-42A3-9474-1A3956D46DE8}") = "Basket", "Basket", "{02D684FC-2698-40C2-98E9-DF0C1639F084}"
EndProject
Project("{FAE04EC0-301F-11D3-BF4B-00C04F79EFBC}") = "Services.Basket.API", "Services\Basket\Services.Basket.API\Services.Basket.API.csproj", "{E837F7E7-7D9B-47ED-811E-07B460BE27C2}"
EndProject
Project("{FAE04EC0-301F-11D3-BF4B-00C04F79EFBC}") = "Services.Basket.Core", "Services\Basket\Services.Basket.Core\Services.Basket.Core.csproj", "{56EF9CA5-585D-4C55-B476-E9751A90E0C5}"
EndProject
Project("{FAE04EC0-301F-11D3-BF4B-00C04F79EFBC}") = "Services.Basket.Application", "Services\Basket\Services.Basket.Application\Services.Basket.Application.csproj", "{1170560D-1E2E-4F27-B09B-47B0AB698422}"
EndProject
Project("{FAE04EC0-301F-11D3-BF4B-00C04F79EFBC}") = "ECommerce.Gateway", "Gateways\ECommerce.Gateway\ECommerce.Gateway.csproj", "{BF177D64-7D09-4538-A764-2E6782F4ACEA}"
EndProject
Project("{FAE04EC0-301F-11D3-BF4B-00C04F79EFBC}") = "Services.Catalog.Grpc", "Services\Catalog\Services.Catalog.Grpc\Services.Catalog.Grpc.csproj", "{9B116180-4C36-45B3-9840-95586E78338A}"
EndProject
Global
	GlobalSection(SolutionConfigurationPlatforms) = preSolution
		Debug|Any CPU = Debug|Any CPU
		Release|Any CPU = Release|Any CPU
	EndGlobalSection
	GlobalSection(ProjectConfigurationPlatforms) = postSolution
		{CB605430-F052-48BB-B3E6-AB1DFD19069B}.Debug|Any CPU.ActiveCfg = Debug|Any CPU
		{CB605430-F052-48BB-B3E6-AB1DFD19069B}.Debug|Any CPU.Build.0 = Debug|Any CPU
		{CB605430-F052-48BB-B3E6-AB1DFD19069B}.Release|Any CPU.ActiveCfg = Release|Any CPU
		{CB605430-F052-48BB-B3E6-AB1DFD19069B}.Release|Any CPU.Build.0 = Release|Any CPU
		{E608B7FD-F4B1-43E0-8C8A-873E56B0CF90}.Debug|Any CPU.ActiveCfg = Debug|Any CPU
		{E608B7FD-F4B1-43E0-8C8A-873E56B0CF90}.Debug|Any CPU.Build.0 = Debug|Any CPU
		{E608B7FD-F4B1-43E0-8C8A-873E56B0CF90}.Release|Any CPU.ActiveCfg = Release|Any CPU
		{E608B7FD-F4B1-43E0-8C8A-873E56B0CF90}.Release|Any CPU.Build.0 = Release|Any CPU
		{17061CD5-2C8C-4410-BD1F-BF93784AAC0D}.Debug|Any CPU.ActiveCfg = Debug|Any CPU
		{17061CD5-2C8C-4410-BD1F-BF93784AAC0D}.Debug|Any CPU.Build.0 = Debug|Any CPU
		{17061CD5-2C8C-4410-BD1F-BF93784AAC0D}.Release|Any CPU.ActiveCfg = Release|Any CPU
		{17061CD5-2C8C-4410-BD1F-BF93784AAC0D}.Release|Any CPU.Build.0 = Release|Any CPU
		{B99BDDD7-7EE2-4AFB-8F98-8643352AA1B0}.Debug|Any CPU.ActiveCfg = Debug|Any CPU
		{B99BDDD7-7EE2-4AFB-8F98-8643352AA1B0}.Debug|Any CPU.Build.0 = Debug|Any CPU
		{B99BDDD7-7EE2-4AFB-8F98-8643352AA1B0}.Release|Any CPU.ActiveCfg = Release|Any CPU
		{B99BDDD7-7EE2-4AFB-8F98-8643352AA1B0}.Release|Any CPU.Build.0 = Release|Any CPU
		{E837F7E7-7D9B-47ED-811E-07B460BE27C2}.Debug|Any CPU.ActiveCfg = Debug|Any CPU
		{E837F7E7-7D9B-47ED-811E-07B460BE27C2}.Debug|Any CPU.Build.0 = Debug|Any CPU
		{E837F7E7-7D9B-47ED-811E-07B460BE27C2}.Release|Any CPU.ActiveCfg = Release|Any CPU
		{E837F7E7-7D9B-47ED-811E-07B460BE27C2}.Release|Any CPU.Build.0 = Release|Any CPU
		{56EF9CA5-585D-4C55-B476-E9751A90E0C5}.Debug|Any CPU.ActiveCfg = Debug|Any CPU
		{56EF9CA5-585D-4C55-B476-E9751A90E0C5}.Debug|Any CPU.Build.0 = Debug|Any CPU
		{56EF9CA5-585D-4C55-B476-E9751A90E0C5}.Release|Any CPU.ActiveCfg = Release|Any CPU
		{56EF9CA5-585D-4C55-B476-E9751A90E0C5}.Release|Any CPU.Build.0 = Release|Any CPU
		{1170560D-1E2E-4F27-B09B-47B0AB698422}.Debug|Any CPU.ActiveCfg = Debug|Any CPU
		{1170560D-1E2E-4F27-B09B-47B0AB698422}.Debug|Any CPU.Build.0 = Debug|Any CPU
		{1170560D-1E2E-4F27-B09B-47B0AB698422}.Release|Any CPU.ActiveCfg = Release|Any CPU
		{1170560D-1E2E-4F27-B09B-47B0AB698422}.Release|Any CPU.Build.0 = Release|Any CPU
		{BF177D64-7D09-4538-A764-2E6782F4ACEA}.Debug|Any CPU.ActiveCfg = Debug|Any CPU
		{BF177D64-7D09-4538-A764-2E6782F4ACEA}.Debug|Any CPU.Build.0 = Debug|Any CPU
		{BF177D64-7D09-4538-A764-2E6782F4ACEA}.Release|Any CPU.ActiveCfg = Release|Any CPU
		{BF177D64-7D09-4538-A764-2E6782F4ACEA}.Release|Any CPU.Build.0 = Release|Any CPU
		{9B116180-4C36-45B3-9840-95586E78338A}.Debug|Any CPU.ActiveCfg = Debug|Any CPU
		{9B116180-4C36-45B3-9840-95586E78338A}.Debug|Any CPU.Build.0 = Debug|Any CPU
		{9B116180-4C36-45B3-9840-95586E78338A}.Release|Any CPU.ActiveCfg = Release|Any CPU
		{9B116180-4C36-45B3-9840-95586E78338A}.Release|Any CPU.Build.0 = Release|Any CPU
	EndGlobalSection
	GlobalSection(SolutionProperties) = preSolution
		HideSolutionNode = FALSE
	EndGlobalSection
	GlobalSection(NestedProjects) = preSolution
		{2BDF0A99-F35D-4D2D-9C14-6BF8E19ED7F0} = {427F958B-5E05-4D43-BAF6-5A455DCAA73F}
		{CB605430-F052-48BB-B3E6-AB1DFD19069B} = {2BDF0A99-F35D-4D2D-9C14-6BF8E19ED7F0}
		{E608B7FD-F4B1-43E0-8C8A-873E56B0CF90} = {2BDF0A99-F35D-4D2D-9C14-6BF8E19ED7F0}
		{17061CD5-2C8C-4410-BD1F-BF93784AAC0D} = {2BDF0A99-F35D-4D2D-9C14-6BF8E19ED7F0}
		{B99BDDD7-7EE2-4AFB-8F98-8643352AA1B0} = {2BDF0A99-F35D-4D2D-9C14-6BF8E19ED7F0}
		{02D684FC-2698-40C2-98E9-DF0C1639F084} = {427F958B-5E05-4D43-BAF6-5A455DCAA73F}
		{E837F7E7-7D9B-47ED-811E-07B460BE27C2} = {02D684FC-2698-40C2-98E9-DF0C1639F084}
		{56EF9CA5-585D-4C55-B476-E9751A90E0C5} = {02D684FC-2698-40C2-98E9-DF0C1639F084}
		{1170560D-1E2E-4F27-B09B-47B0AB698422} = {02D684FC-2698-40C2-98E9-DF0C1639F084}
		{BF177D64-7D09-4538-A764-2E6782F4ACEA} = {CED7492B-2A6F-4070-A2B2-FB684BA2726E}
		{9B116180-4C36-45B3-9840-95586E78338A} = {2BDF0A99-F35D-4D2D-9C14-6BF8E19ED7F0}
	EndGlobalSection
	GlobalSection(ExtensibilityGlobals) = postSolution
		SolutionGuid = {F14E1A6D-2BF6-47F4-AD3D-C83A050F06F8}
	EndGlobalSection
EndGlobal
